
Microsoft Visual Studio Solution File, Format Version 12.00
# Visual Studio Version 16
VisualStudioVersion = 16.0.29709.97
MinimumVisualStudioVersion = 10.0.40219.1
Project("{FAE04EC0-301F-11D3-BF4B-00C04F79EFBC}") = "GtaKeyboardHook", "src\GtaKeyboardHook\GtaKeyboardHook.csproj", "{1E5F955D-93C5-405E-AA11-7AA56FA6A32F}"
EndProject
Project("{FAE04EC0-301F-11D3-BF4B-00C04F79EFBC}") = "GtaKeyboardHook.Tests", "src\GtaKeyboardHook.Tests\GtaKeyboardHook.Tests.csproj", "{D1191491-68DF-46DF-BEAD-E11C2FDFBFD4}"
EndProject
Global
	GlobalSection(SolutionConfigurationPlatforms) = preSolution
		Debug|Any CPU = Debug|Any CPU
		Release|Any CPU = Release|Any CPU
	EndGlobalSection
	GlobalSection(ProjectConfigurationPlatforms) = postSolution
		{1E5F955D-93C5-405E-AA11-7AA56FA6A32F}.Debug|Any CPU.ActiveCfg = Debug|Any CPU
		{1E5F955D-93C5-405E-AA11-7AA56FA6A32F}.Debug|Any CPU.Build.0 = Debug|Any CPU
		{1E5F955D-93C5-405E-AA11-7AA56FA6A32F}.Release|Any CPU.ActiveCfg = Release|Any CPU
		{1E5F955D-93C5-405E-AA11-7AA56FA6A32F}.Release|Any CPU.Build.0 = Release|Any CPU
		{D1191491-68DF-46DF-BEAD-E11C2FDFBFD4}.Debug|Any CPU.ActiveCfg = Debug|Any CPU
		{D1191491-68DF-46DF-BEAD-E11C2FDFBFD4}.Debug|Any CPU.Build.0 = Debug|Any CPU
		{D1191491-68DF-46DF-BEAD-E11C2FDFBFD4}.Release|Any CPU.ActiveCfg = Release|Any CPU
		{D1191491-68DF-46DF-BEAD-E11C2FDFBFD4}.Release|Any CPU.Build.0 = Release|Any CPU
	EndGlobalSection
	GlobalSection(SolutionProperties) = preSolution
		HideSolutionNode = FALSE
	EndGlobalSection
	GlobalSection(ExtensibilityGlobals) = postSolution
		SolutionGuid = {04B60727-A7C3-41A3-8DCD-024F1A06DB7F}
	EndGlobalSection
EndGlobal
